// !$*UTF8*$!
{
	archiveVersion = 1;
	classes = {
	};
	objectVersion = 46;
	objects = {

/* Begin PBXBuildFile section */
		18B9324F1BA6A8C50019279E /* main.m in Sources */ = {isa = PBXBuildFile; fileRef = 18B9324E1BA6A8C50019279E /* main.m */; };
		18B932521BA6A8C50019279E /* AppDelegate.m in Sources */ = {isa = PBXBuildFile; fileRef = 18B932511BA6A8C50019279E /* AppDelegate.m */; };
		18B932551BA6A8C50019279E /* ViewController.m in Sources */ = {isa = PBXBuildFile; fileRef = 18B932541BA6A8C50019279E /* ViewController.m */; };
		18B932581BA6A8C50019279E /* Main.storyboard in Resources */ = {isa = PBXBuildFile; fileRef = 18B932561BA6A8C50019279E /* Main.storyboard */; };
		18B9325A1BA6A8C50019279E /* Assets.xcassets in Resources */ = {isa = PBXBuildFile; fileRef = 18B932591BA6A8C50019279E /* Assets.xcassets */; };
		18B9325D1BA6A8C50019279E /* LaunchScreen.storyboard in Resources */ = {isa = PBXBuildFile; fileRef = 18B9325B1BA6A8C50019279E /* LaunchScreen.storyboard */; };
		18B932681BA6A8C50019279E /* fillPaintMasterTests.m in Sources */ = {isa = PBXBuildFile; fileRef = 18B932671BA6A8C50019279E /* fillPaintMasterTests.m */; };
		18B932731BA6A8C50019279E /* fillPaintMasterUITests.m in Sources */ = {isa = PBXBuildFile; fileRef = 18B932721BA6A8C50019279E /* fillPaintMasterUITests.m */; };
/* End PBXBuildFile section */

/* Begin PBXContainerItemProxy section */
		18B932641BA6A8C50019279E /* PBXContainerItemProxy */ = {
			isa = PBXContainerItemProxy;
			containerPortal = 18B932421BA6A8C50019279E /* Project object */;
			proxyType = 1;
			remoteGlobalIDString = 18B932491BA6A8C50019279E;
			remoteInfo = fillPaintMaster;
		};
		18B9326F1BA6A8C50019279E /* PBXContainerItemProxy */ = {
			isa = PBXContainerItemProxy;
			containerPortal = 18B932421BA6A8C50019279E /* Project object */;
			proxyType = 1;
			remoteGlobalIDString = 18B932491BA6A8C50019279E;
			remoteInfo = fillPaintMaster;
		};
/* End PBXContainerItemProxy section */

/* Begin PBXFileReference section */
		18B9324A1BA6A8C50019279E /* fillPaintMaster.app */ = {isa = PBXFileReference; explicitFileType = wrapper.application; includeInIndex = 0; path = fillPaintMaster.app; sourceTree = BUILT_PRODUCTS_DIR; };
		18B9324E1BA6A8C50019279E /* main.m */ = {isa = PBXFileReference; lastKnownFileType = sourcecode.c.objc; path = main.m; sourceTree = "<group>"; };
		18B932501BA6A8C50019279E /* AppDelegate.h */ = {isa = PBXFileReference; lastKnownFileType = sourcecode.c.h; path = AppDelegate.h; sourceTree = "<group>"; };
		18B932511BA6A8C50019279E /* AppDelegate.m */ = {isa = PBXFileReference; lastKnownFileType = sourcecode.c.objc; path = AppDelegate.m; sourceTree = "<group>"; };
		18B932531BA6A8C50019279E /* ViewController.h */ = {isa = PBXFileReference; lastKnownFileType = sourcecode.c.h; path = ViewController.h; sourceTree = "<group>"; };
		18B932541BA6A8C50019279E /* ViewController.m */ = {isa = PBXFileReference; lastKnownFileType = sourcecode.c.objc; path = ViewController.m; sourceTree = "<group>"; };
		18B932571BA6A8C50019279E /* Base */ = {isa = PBXFileReference; lastKnownFileType = file.storyboard; name = Base; path = Base.lproj/Main.storyboard; sourceTree = "<group>"; };
		18B932591BA6A8C50019279E /* Assets.xcassets */ = {isa = PBXFileReference; lastKnownFileType = folder.assetcatalog; path = Assets.xcassets; sourceTree = "<group>"; };
		18B9325C1BA6A8C50019279E /* Base */ = {isa = PBXFileReference; lastKnownFileType = file.storyboard; name = Base; path = Base.lproj/LaunchScreen.storyboard; sourceTree = "<group>"; };
		18B9325E1BA6A8C50019279E /* Info.plist */ = {isa = PBXFileReference; lastKnownFileType = text.plist.xml; path = Info.plist; sourceTree = "<group>"; };
		18B932631BA6A8C50019279E /* fillPaintMasterTests.xctest */ = {isa = PBXFileReference; explicitFileType = wrapper.cfbundle; includeInIndex = 0; path = fillPaintMasterTests.xctest; sourceTree = BUILT_PRODUCTS_DIR; };
		18B932671BA6A8C50019279E /* fillPaintMasterTests.m */ = {isa = PBXFileReference; lastKnownFileType = sourcecode.c.objc; path = fillPaintMasterTests.m; sourceTree = "<group>"; };
		18B932691BA6A8C50019279E /* Info.plist */ = {isa = PBXFileReference; lastKnownFileType = text.plist.xml; path = Info.plist; sourceTree = "<group>"; };
		18B9326E1BA6A8C50019279E /* fillPaintMasterUITests.xctest */ = {isa = PBXFileReference; explicitFileType = wrapper.cfbundle; includeInIndex = 0; path = fillPaintMasterUITests.xctest; sourceTree = BUILT_PRODUCTS_DIR; };
		18B932721BA6A8C50019279E /* fillPaintMasterUITests.m */ = {isa = PBXFileReference; lastKnownFileType = sourcecode.c.objc; path = fillPaintMasterUITests.m; sourceTree = "<group>"; };
		18B932741BA6A8C50019279E /* Info.plist */ = {isa = PBXFileReference; lastKnownFileType = text.plist.xml; path = Info.plist; sourceTree = "<group>"; };
/* End PBXFileReference section */

/* Begin PBXFrameworksBuildPhase section */
		18B932471BA6A8C50019279E /* Frameworks */ = {
			isa = PBXFrameworksBuildPhase;
			buildActionMask = 2147483647;
			files = (
			);
			runOnlyForDeploymentPostprocessing = 0;
		};
		18B932601BA6A8C50019279E /* Frameworks */ = {
			isa = PBXFrameworksBuildPhase;
			buildActionMask = 2147483647;
			files = (
			);
			runOnlyForDeploymentPostprocessing = 0;
		};
		18B9326B1BA6A8C50019279E /* Frameworks */ = {
			isa = PBXFrameworksBuildPhase;
			buildActionMask = 2147483647;
			files = (
			);
			runOnlyForDeploymentPostprocessing = 0;
		};
/* End PBXFrameworksBuildPhase section */

/* Begin PBXGroup section */
		18B932411BA6A8C50019279E = {
			isa = PBXGroup;
			children = (
				18B9324C1BA6A8C50019279E /* fillPaintMaster */,
				18B932661BA6A8C50019279E /* fillPaintMasterTests */,
				18B932711BA6A8C50019279E /* fillPaintMasterUITests */,
				18B9324B1BA6A8C50019279E /* Products */,
			);
			sourceTree = "<group>";
		};
		18B9324B1BA6A8C50019279E /* Products */ = {
			isa = PBXGroup;
			children = (
				18B9324A1BA6A8C50019279E /* fillPaintMaster.app */,
				18B932631BA6A8C50019279E /* fillPaintMasterTests.xctest */,
				18B9326E1BA6A8C50019279E /* fillPaintMasterUITests.xctest */,
			);
			name = Products;
			sourceTree = "<group>";
		};
		18B9324C1BA6A8C50019279E /* fillPaintMaster */ = {
			isa = PBXGroup;
			children = (
				18B932501BA6A8C50019279E /* AppDelegate.h */,
				18B932511BA6A8C50019279E /* AppDelegate.m */,
				18B932531BA6A8C50019279E /* ViewController.h */,
				18B932541BA6A8C50019279E /* ViewController.m */,
				18B932561BA6A8C50019279E /* Main.storyboard */,
				18B932591BA6A8C50019279E /* Assets.xcassets */,
				18B9325B1BA6A8C50019279E /* LaunchScreen.storyboard */,
				18B9325E1BA6A8C50019279E /* Info.plist */,
				18B9324D1BA6A8C50019279E /* Supporting Files */,
			);
			path = fillPaintMaster;
			sourceTree = "<group>";
		};
		18B9324D1BA6A8C50019279E /* Supporting Files */ = {
			isa = PBXGroup;
			children = (
				18B9324E1BA6A8C50019279E /* main.m */,
			);
			name = "Supporting Files";
			sourceTree = "<group>";
		};
		18B932661BA6A8C50019279E /* fillPaintMasterTests */ = {
			isa = PBXGroup;
			children = (
				18B932671BA6A8C50019279E /* fillPaintMasterTests.m */,
				18B932691BA6A8C50019279E /* Info.plist */,
			);
			path = fillPaintMasterTests;
			sourceTree = "<group>";
		};
		18B932711BA6A8C50019279E /* fillPaintMasterUITests */ = {
			isa = PBXGroup;
			children = (
				18B932721BA6A8C50019279E /* fillPaintMasterUITests.m */,
				18B932741BA6A8C50019279E /* Info.plist */,
			);
			path = fillPaintMasterUITests;
			sourceTree = "<group>";
		};
/* End PBXGroup section */

/* Begin PBXNativeTarget section */
		18B932491BA6A8C50019279E /* fillPaintMaster */ = {
			isa = PBXNativeTarget;
			buildConfigurationList = 18B932771BA6A8C50019279E /* Build configuration list for PBXNativeTarget "fillPaintMaster" */;
			buildPhases = (
				18B932461BA6A8C50019279E /* Sources */,
				18B932471BA6A8C50019279E /* Frameworks */,
				18B932481BA6A8C50019279E /* Resources */,
			);
			buildRules = (
			);
			dependencies = (
			);
			name = fillPaintMaster;
			productName = fillPaintMaster;
			productReference = 18B9324A1BA6A8C50019279E /* fillPaintMaster.app */;
			productType = "com.apple.product-type.application";
		};
		18B932621BA6A8C50019279E /* fillPaintMasterTests */ = {
			isa = PBXNativeTarget;
			buildConfigurationList = 18B9327A1BA6A8C50019279E /* Build configuration list for PBXNativeTarget "fillPaintMasterTests" */;
			buildPhases = (
				18B9325F1BA6A8C50019279E /* Sources */,
				18B932601BA6A8C50019279E /* Frameworks */,
				18B932611BA6A8C50019279E /* Resources */,
			);
			buildRules = (
			);
			dependencies = (
				18B932651BA6A8C50019279E /* PBXTargetDependency */,
			);
			name = fillPaintMasterTests;
			productName = fillPaintMasterTests;
			productReference = 18B932631BA6A8C50019279E /* fillPaintMasterTests.xctest */;
			productType = "com.apple.product-type.bundle.unit-test";
		};
		18B9326D1BA6A8C50019279E /* fillPaintMasterUITests */ = {
			isa = PBXNativeTarget;
			buildConfigurationList = 18B9327D1BA6A8C50019279E /* Build configuration list for PBXNativeTarget "fillPaintMasterUITests" */;
			buildPhases = (
				18B9326A1BA6A8C50019279E /* Sources */,
				18B9326B1BA6A8C50019279E /* Frameworks */,
				18B9326C1BA6A8C50019279E /* Resources */,
			);
			buildRules = (
			);
			dependencies = (
				18B932701BA6A8C50019279E /* PBXTargetDependency */,
			);
			name = fillPaintMasterUITests;
			productName = fillPaintMasterUITests;
			productReference = 18B9326E1BA6A8C50019279E /* fillPaintMasterUITests.xctest */;
			productType = "com.apple.product-type.bundle.ui-testing";
		};
/* End PBXNativeTarget section */

/* Begin PBXProject section */
		18B932421BA6A8C50019279E /* Project object */ = {
			isa = PBXProject;
			attributes = {
				LastUpgradeCheck = 0710;
				ORGANIZATIONNAME = LZTech;
				TargetAttributes = {
					18B932491BA6A8C50019279E = {
						CreatedOnToolsVersion = 7.1.1;
					};
					18B932621BA6A8C50019279E = {
						CreatedOnToolsVersion = 7.1.1;
						TestTargetID = 18B932491BA6A8C50019279E;
					};
					18B9326D1BA6A8C50019279E = {
						CreatedOnToolsVersion = 7.1.1;
						TestTargetID = 18B932491BA6A8C50019279E;
					};
				};
			};
			buildConfigurationList = 18B932451BA6A8C50019279E /* Build configuration list for PBXProject "fillPaintMaster" */;
			compatibilityVersion = "Xcode 3.2";
			developmentRegion = English;
			hasScannedForEncodings = 0;
			knownRegions = (
				en,
				Base,
			);
			mainGroup = 18B932411BA6A8C50019279E;
			productRefGroup = 18B9324B1BA6A8C50019279E /* Products */;
			projectDirPath = "";
			projectRoot = "";
			targets = (
				18B932491BA6A8C50019279E /* fillPaintMaster */,
				18B932621BA6A8C50019279E /* fillPaintMasterTests */,
				18B9326D1BA6A8C50019279E /* fillPaintMasterUITests */,
			);
		};
/* End PBXProject section */

/* Begin PBXResourcesBuildPhase section */
		18B932481BA6A8C50019279E /* Resources */ = {
			isa = PBXResourcesBuildPhase;
			buildActionMask = 2147483647;
			files = (
				18B9325D1BA6A8C50019279E /* LaunchScreen.storyboard in Resources */,
				18B9325A1BA6A8C50019279E /* Assets.xcassets in Resources */,
				18B932581BA6A8C50019279E /* Main.storyboard in Resources */,
			);
			runOnlyForDeploymentPostprocessing = 0;
		};
		18B932611BA6A8C50019279E /* Resources */ = {
			isa = PBXResourcesBuildPhase;
			buildActionMask = 2147483647;
			files = (
			);
			runOnlyForDeploymentPostprocessing = 0;
		};
		18B9326C1BA6A8C50019279E /* Resources */ = {
			isa = PBXResourcesBuildPhase;
			buildActionMask = 2147483647;
			files = (
			);
			runOnlyForDeploymentPostprocessing = 0;
		};
/* End PBXResourcesBuildPhase section */

/* Begin PBXSourcesBuildPhase section */
		18B932461BA6A8C50019279E /* Sources */ = {
			isa = PBXSourcesBuildPhase;
			buildActionMask = 2147483647;
			files = (
				18B932551BA6A8C50019279E /* ViewController.m in Sources */,
				18B932521BA6A8C50019279E /* AppDelegate.m in Sources */,
				18B9324F1BA6A8C50019279E /* main.m in Sources */,
			);
			runOnlyForDeploymentPostprocessing = 0;
		};
		18B9325F1BA6A8C50019279E /* Sources */ = {
			isa = PBXSourcesBuildPhase;
			buildActionMask = 2147483647;
			files = (
				18B932681BA6A8C50019279E /* fillPaintMasterTests.m in Sources */,
			);
			runOnlyForDeploymentPostprocessing = 0;
		};
		18B9326A1BA6A8C50019279E /* Sources */ = {
			isa = PBXSourcesBuildPhase;
			buildActionMask = 2147483647;
			files = (
				18B932731BA6A8C50019279E /* fillPaintMasterUITests.m in Sources */,
			);
			runOnlyForDeploymentPostprocessing = 0;
		};
/* End PBXSourcesBuildPhase section */

/* Begin PBXTargetDependency section */
		18B932651BA6A8C50019279E /* PBXTargetDependency */ = {
			isa = PBXTargetDependency;
			target = 18B932491BA6A8C50019279E /* fillPaintMaster */;
			targetProxy = 18B932641BA6A8C50019279E /* PBXContainerItemProxy */;
		};
		18B932701BA6A8C50019279E /* PBXTargetDependency */ = {
			isa = PBXTargetDependency;
			target = 18B932491BA6A8C50019279E /* fillPaintMaster */;
			targetProxy = 18B9326F1BA6A8C50019279E /* PBXContainerItemProxy */;
		};
/* End PBXTargetDependency section */

/* Begin PBXVariantGroup section */
		18B932561BA6A8C50019279E /* Main.storyboard */ = {
			isa = PBXVariantGroup;
			children = (
				18B932571BA6A8C50019279E /* Base */,
			);
			name = Main.storyboard;
			sourceTree = "<group>";
		};
		18B9325B1BA6A8C50019279E /* LaunchScreen.storyboard */ = {
			isa = PBXVariantGroup;
			children = (
				18B9325C1BA6A8C50019279E /* Base */,
			);
			name = LaunchScreen.storyboard;
			sourceTree = "<group>";
		};
/* End PBXVariantGroup section */

/* Begin XCBuildConfiguration section */
		18B932751BA6A8C50019279E /* Debug */ = {
			isa = XCBuildConfiguration;
			buildSettings = {
				ALWAYS_SEARCH_USER_PATHS = NO;
				CLANG_CXX_LANGUAGE_STANDARD = "gnu++0x";
				CLANG_CXX_LIBRARY = "libc++";
				CLANG_ENABLE_MODULES = YES;
				CLANG_ENABLE_OBJC_ARC = YES;
				CLANG_WARN_BOOL_CONVERSION = YES;
				CLANG_WARN_CONSTANT_CONVERSION = YES;
				CLANG_WARN_DIRECT_OBJC_ISA_USAGE = YES_ERROR;
				CLANG_WARN_EMPTY_BODY = YES;
				CLANG_WARN_ENUM_CONVERSION = YES;
				CLANG_WARN_INT_CONVERSION = YES;
				CLANG_WARN_OBJC_ROOT_CLASS = YES_ERROR;
				CLANG_WARN_UNREACHABLE_CODE = YES;
				CLANG_WARN__DUPLICATE_METHOD_MATCH = YES;
				"CODE_SIGN_IDENTITY[sdk=iphoneos*]" = "iPhone Developer";
				COPY_PHASE_STRIP = NO;
				DEBUG_INFORMATION_FORMAT = dwarf;
				ENABLE_STRICT_OBJC_MSGSEND = YES;
				ENABLE_TESTABILITY = YES;
				GCC_C_LANGUAGE_STANDARD = gnu99;
				GCC_DYNAMIC_NO_PIC = NO;
				GCC_NO_COMMON_BLOCKS = YES;
				GCC_OPTIMIZATION_LEVEL = 0;
				GCC_PREPROCESSOR_DEFINITIONS = (
					"DEBUG=1",
					"$(inherited)",
				);
				GCC_WARN_64_TO_32_BIT_CONVERSION = YES;
				GCC_WARN_ABOUT_RETURN_TYPE = YES_ERROR;
				GCC_WARN_UNDECLARED_SELECTOR = YES;
				GCC_WARN_UNINITIALIZED_AUTOS = YES_AGGRESSIVE;
				GCC_WARN_UNUSED_FUNCTION = YES;
				GCC_WARN_UNUSED_VARIABLE = YES;
				IPHONEOS_DEPLOYMENT_TARGET = 9.1;
				MTL_ENABLE_DEBUG_INFO = YES;
				ONLY_ACTIVE_ARCH = YES;
				SDKROOT = iphoneos;
			};
			name = Debug;
		};
		18B932761BA6A8C50019279E /* Release */ = {
			isa = XCBuildConfiguration;
			buildSettings = {
				ALWAYS_SEARCH_USER_PATHS = NO;
				CLANG_CXX_LANGUAGE_STANDARD = "gnu++0x";
				CLANG_CXX_LIBRARY = "libc++";
				CLANG_ENABLE_MODULES = YES;
				CLANG_ENABLE_OBJC_ARC = YES;
				CLANG_WARN_BOOL_CONVERSION = YES;
				CLANG_WARN_CONSTANT_CONVERSION = YES;
				CLANG_WARN_DIRECT_OBJC_ISA_USAGE = YES_ERROR;
				CLANG_WARN_EMPTY_BODY = YES;
				CLANG_WARN_ENUM_CONVERSION = YES;
				CLANG_WARN_INT_CONVERSION = YES;
				CLANG_WARN_OBJC_ROOT_CLASS = YES_ERROR;
				CLANG_WARN_UNREACHABLE_CODE = YES;
				CLANG_WARN__DUPLICATE_METHOD_MATCH = YES;
				"CODE_SIGN_IDENTITY[sdk=iphoneos*]" = "iPhone Developer";
				COPY_PHASE_STRIP = NO;
				DEBUG_INFORMATION_FORMAT = "dwarf-with-dsym";
				ENABLE_NS_ASSERTIONS = NO;
				ENABLE_STRICT_OBJC_MSGSEND = YES;
				GCC_C_LANGUAGE_STANDARD = gnu99;
				GCC_NO_COMMON_BLOCKS = YES;
				GCC_WARN_64_TO_32_BIT_CONVERSION = YES;
				GCC_WARN_ABOUT_RETURN_TYPE = YES_ERROR;
				GCC_WARN_UNDECLARED_SELECTOR = YES;
				GCC_WARN_UNINITIALIZED_AUTOS = YES_AGGRESSIVE;
				GCC_WARN_UNUSED_FUNCTION = YES;
				GCC_WARN_UNUSED_VARIABLE = YES;
				IPHONEOS_DEPLOYMENT_TARGET = 9.1;
				MTL_ENABLE_DEBUG_INFO = NO;
				SDKROOT = iphoneos;
				VALIDATE_PRODUCT = YES;
			};
			name = Release;
		};
		18B932781BA6A8C50019279E /* Debug */ = {
			isa = XCBuildConfiguration;
			buildSettings = {
				ASSETCATALOG_COMPILER_APPICON_NAME = AppIcon;
				INFOPLIST_FILE = fillPaintMaster/Info.plist;
				LD_RUNPATH_SEARCH_PATHS = "$(inherited) @executable_path/Frameworks";
				PRODUCT_BUNDLE_IDENTIFIER = cn.yuyang.fillPaintMaster;
				PRODUCT_NAME = "$(TARGET_NAME)";
			};
			name = Debug;
		};
		18B932791BA6A8C50019279E /* Release */ = {
			isa = XCBuildConfiguration;
			buildSettings = {
				ASSETCATALOG_COMPILER_APPICON_NAME = AppIcon;
				INFOPLIST_FILE = fillPaintMaster/Info.plist;
				LD_RUNPATH_SEARCH_PATHS = "$(inherited) @executable_path/Frameworks";
				PRODUCT_BUNDLE_IDENTIFIER = cn.yuyang.fillPaintMaster;
				PRODUCT_NAME = "$(TARGET_NAME)";
			};
			name = Release;
		};
		18B9327B1BA6A8C50019279E /* Debug */ = {
			isa = XCBuildConfiguration;
			buildSettings = {
				BUNDLE_LOADER = "$(TEST_HOST)";
				INFOPLIST_FILE = fillPaintMasterTests/Info.plist;
				LD_RUNPATH_SEARCH_PATHS = "$(inherited) @executable_path/Frameworks @loader_path/Frameworks";
				PRODUCT_BUNDLE_IDENTIFIER = cn.yuyang.fillPaintMasterTests;
				PRODUCT_NAME = "$(TARGET_NAME)";
				TEST_HOST = "$(BUILT_PRODUCTS_DIR)/fillPaintMaster.app/fillPaintMaster";
			};
			name = Debug;
		};
		18B9327C1BA6A8C50019279E /* Release */ = {
			isa = XCBuildConfiguration;
			buildSettings = {
				BUNDLE_LOADER = "$(TEST_HOST)";
				INFOPLIST_FILE = fillPaintMasterTests/Info.plist;
				LD_RUNPATH_SEARCH_PATHS = "$(inherited) @executable_path/Frameworks @loader_path/Frameworks";
				PRODUCT_BUNDLE_IDENTIFIER = cn.yuyang.fillPaintMasterTests;
				PRODUCT_NAME = "$(TARGET_NAME)";
				TEST_HOST = "$(BUILT_PRODUCTS_DIR)/fillPaintMaster.app/fillPaintMaster";
			};
			name = Release;
		};
		18B9327E1BA6A8C50019279E /* Debug */ = {
			isa = XCBuildConfiguration;
			buildSettings = {
				INFOPLIST_FILE = fillPaintMasterUITests/Info.plist;
				LD_RUNPATH_SEARCH_PATHS = "$(inherited) @executable_path/Frameworks @loader_path/Frameworks";
				PRODUCT_BUNDLE_IDENTIFIER = cn.yuyang.fillPaintMasterUITests;
				PRODUCT_NAME = "$(TARGET_NAME)";
				TEST_TARGET_NAME = fillPaintMaster;
				USES_XCTRUNNER = YES;
			};
			name = Debug;
		};
		18B9327F1BA6A8C50019279E /* Release */ = {
			isa = XCBuildConfiguration;
			buildSettings = {
				INFOPLIST_FILE = fillPaintMasterUITests/Info.plist;
				LD_RUNPATH_SEARCH_PATHS = "$(inherited) @executable_path/Frameworks @loader_path/Frameworks";
				PRODUCT_BUNDLE_IDENTIFIER = cn.yuyang.fillPaintMasterUITests;
				PRODUCT_NAME = "$(TARGET_NAME)";
				TEST_TARGET_NAME = fillPaintMaster;
				USES_XCTRUNNER = YES;
			};
			name = Release;
		};
/* End XCBuildConfiguration section */

/* Begin XCConfigurationList section */
		18B932451BA6A8C50019279E /* Build configuration list for PBXProject "fillPaintMaster" */ = {
			isa = XCConfigurationList;
			buildConfigurations = (
				18B932751BA6A8C50019279E /* Debug */,
				18B932761BA6A8C50019279E /* Release */,
			);
			defaultConfigurationIsVisible = 0;
			defaultConfigurationName = Release;
		};
		18B932771BA6A8C50019279E /* Build configuration list for PBXNativeTarget "fillPaintMaster" */ = {
			isa = XCConfigurationList;
			buildConfigurations = (
				18B932781BA6A8C50019279E /* Debug */,
				18B932791BA6A8C50019279E /* Release */,
			);
			defaultConfigurationIsVisible = 0;
		};
		18B9327A1BA6A8C50019279E /* Build configuration list for PBXNativeTarget "fillPaintMasterTests" */ = {
			isa = XCConfigurationList;
			buildConfigurations = (
				18B9327B1BA6A8C50019279E /* Debug */,
				18B9327C1BA6A8C50019279E /* Release */,
			);
			defaultConfigurationIsVisible = 0;
		};
		18B9327D1BA6A8C50019279E /* Build configuration list for PBXNativeTarget "fillPaintMasterUITests" */ = {
			isa = XCConfigurationList;
			buildConfigurations = (
				18B9327E1BA6A8C50019279E /* Debug */,
				18B9327F1BA6A8C50019279E /* Release */,
			);
			defaultConfigurationIsVisible = 0;
		};
/* End XCConfigurationList section */
	};
	rootObject = 18B932421BA6A8C50019279E /* Project object */;
}
